
Microsoft Visual Studio Solution File, Format Version 12.00
# Visual Studio Version 17
VisualStudioVersion = 17.11.35219.272
MinimumVisualStudioVersion = 10.0.40219.1
Project("{FAE04EC0-301F-11D3-BF4B-00C04F79EFBC}") = "NewsAppGoudy", "NewsAppGoudy\NewsAppGoudy.csproj", "{4B6C59E9-45F5-4DC7-9751-D8C6C02096EC}"
EndProject
Global
	GlobalSection(SolutionConfigurationPlatforms) = preSolution
		Debug|Any CPU = Debug|Any CPU
		Release|Any CPU = Release|Any CPU
	EndGlobalSection
	GlobalSection(ProjectConfigurationPlatforms) = postSolution
		{4B6C59E9-45F5-4DC7-9751-D8C6C02096EC}.Debug|Any CPU.ActiveCfg = Debug|Any CPU
		{4B6C59E9-45F5-4DC7-9751-D8C6C02096EC}.Debug|Any CPU.Build.0 = Debug|Any CPU
		{4B6C59E9-45F5-4DC7-9751-D8C6C02096EC}.Debug|Any CPU.Deploy.0 = Debug|Any CPU
		{4B6C59E9-45F5-4DC7-9751-D8C6C02096EC}.Release|Any CPU.ActiveCfg = Release|Any CPU
		{4B6C59E9-45F5-4DC7-9751-D8C6C02096EC}.Release|Any CPU.Build.0 = Release|Any CPU
		{4B6C59E9-45F5-4DC7-9751-D8C6C02096EC}.Release|Any CPU.Deploy.0 = Release|Any CPU
	EndGlobalSection
	GlobalSection(SolutionProperties) = preSolution
		HideSolutionNode = FALSE
	EndGlobalSection
	GlobalSection(ExtensibilityGlobals) = postSolution
		SolutionGuid = {40BF127D-E840-49BD-A925-51259FB97440}
	EndGlobalSection
EndGlobal
